
Microsoft Visual Studio Solution File, Format Version 12.00
Project("{FAE04EC0-301F-11D3-BF4B-00C04F79EFBC}") = "Portfolio", "Portfolio.csproj", "{BB533B8F-B371-4492-9A15-6DE7CD91AFF5}"
EndProject
Global
	GlobalSection(SolutionConfigurationPlatforms) = preSolution
		Debug|Any CPU = Debug|Any CPU
		Release|Any CPU = Release|Any CPU
	EndGlobalSection
	GlobalSection(ProjectConfigurationPlatforms) = postSolution
		{BB533B8F-B371-4492-9A15-6DE7CD91AFF5}.Debug|Any CPU.ActiveCfg = Debug|Any CPU
		{BB533B8F-B371-4492-9A15-6DE7CD91AFF5}.Debug|Any CPU.Build.0 = Debug|Any CPU
		{BB533B8F-B371-4492-9A15-6DE7CD91AFF5}.Release|Any CPU.ActiveCfg = Release|Any CPU
		{BB533B8F-B371-4492-9A15-6DE7CD91AFF5}.Release|Any CPU.Build.0 = Release|Any CPU
	EndGlobalSection
EndGlobal
